{
  "requires": true,
  "lockfileVersion": 1,
  "dependencies": {
    "echarts": {
      "version": "4.0.4",
      "resolved": "https://registry.npmjs.org/echarts/-/echarts-4.0.4.tgz",
      "integrity": "sha512-PDWGchRwBvMcNJbg94/thIIDgD8Jw2APtbK6K9rq1X8h6rQIdQ3IFTEvRwGS9U0zsUgJQQwXFLXIw+RJ/EH3fw==",
      "requires": {
        "zrender": "4.0.3"
      }
    },
    "lodash": {
      "version": "4.17.5",
      "resolved": "https://registry.npmjs.org/lodash/-/lodash-4.17.5.tgz",
      "integrity": "sha512-svL3uiZf1RwhH+cWrfZn3A4+U58wbP0tGVTLQPbjplZxZ8ROD9VLuNgsRniTlLe7OlSqR79RUehXgpBW/s0IQw=="
    },
    "resize-detector": {
      "version": "0.1.2",
      "resolved": "https://registry.npmjs.org/resize-detector/-/resize-detector-0.1.2.tgz",
      "integrity": "sha512-3FGjGTm7Z0dEN88GiCMesPaLnPBB3B5NaDKCla+dljd2OZv91f1L9oCmuYjikS/QnDvn0y12xbdpQWouGs1+0w=="
    },
    "vue-echarts": {
      "version": "3.0.3",
      "resolved": "https://registry.npmjs.org/vue-echarts/-/vue-echarts-3.0.3.tgz",
      "integrity": "sha512-srqkiEsFIBv6i0FkdWMp9F8uTqeVgTsbW2jhUXe6w7je6swD7gYcW1zy9Mf1XX041wZqlXjVQgJsNHIQ7GUExg==",
      "requires": {
        "echarts": "4.0.4",
        "lodash": "4.17.5",
        "resize-detector": "0.1.2"
      }
    },
    "zrender": {
      "version": "4.0.3",
      "resolved": "https://registry.npmjs.org/zrender/-/zrender-4.0.3.tgz",
      "integrity": "sha512-LdkntRaNogzKAwlICuS0wdZcYaeA94llQ0SWqsgbcd6SPasgkjstaoe6vr5P9Pd2ID/rlhf3UrmIuFzqOLdDuA=="
    }
  }
}
